
Microsoft Visual Studio Solution File, Format Version 12.00
# Visual Studio Version 16
VisualStudioVersion = 16.0.30626.31
MinimumVisualStudioVersion = 10.0.40219.1
Project("{9A19103F-16F7-4668-BE54-9A1E7A4F7556}") = "NBA_BusinessRules", "NBA_rules\NBA_BusinessRules.csproj", "{4FCFB61E-5C82-4489-8BB9-152E6B993C22}"
EndProject
Project("{9A19103F-16F7-4668-BE54-9A1E7A4F7556}") = "NBA_Entities", "DTO\NBA_Entities.csproj", "{F1917BB9-FE77-4842-804F-43BA274AE5FB}"
EndProject
Project("{9A19103F-16F7-4668-BE54-9A1E7A4F7556}") = "NBA_Repository", "Nba_Repository\NBA_Repository.csproj", "{8F771F20-E037-4439-8F17-8CDC032B84CB}"
EndProject
Project("{9A19103F-16F7-4668-BE54-9A1E7A4F7556}") = "NBA_WebApi", "NBA_WebApi\NBA_WebApi.csproj", "{D0D4C242-1971-4CEB-ACD1-D050A6C31ADA}"
EndProject
Project("{FAE04EC0-301F-11D3-BF4B-00C04F79EFBC}") = "NBA_NUnitTestProject", "NBA_NUnitTestProject\NBA_NUnitTestProject.csproj", "{E3D564D0-AD10-4046-961C-96FFA117CC13}"
EndProject
Global
	GlobalSection(SolutionConfigurationPlatforms) = preSolution
		Debug|Any CPU = Debug|Any CPU
		Release|Any CPU = Release|Any CPU
	EndGlobalSection
	GlobalSection(ProjectConfigurationPlatforms) = postSolution
		{4FCFB61E-5C82-4489-8BB9-152E6B993C22}.Debug|Any CPU.ActiveCfg = Debug|Any CPU
		{4FCFB61E-5C82-4489-8BB9-152E6B993C22}.Debug|Any CPU.Build.0 = Debug|Any CPU
		{4FCFB61E-5C82-4489-8BB9-152E6B993C22}.Release|Any CPU.ActiveCfg = Release|Any CPU
		{4FCFB61E-5C82-4489-8BB9-152E6B993C22}.Release|Any CPU.Build.0 = Release|Any CPU
		{F1917BB9-FE77-4842-804F-43BA274AE5FB}.Debug|Any CPU.ActiveCfg = Debug|Any CPU
		{F1917BB9-FE77-4842-804F-43BA274AE5FB}.Debug|Any CPU.Build.0 = Debug|Any CPU
		{F1917BB9-FE77-4842-804F-43BA274AE5FB}.Release|Any CPU.ActiveCfg = Release|Any CPU
		{F1917BB9-FE77-4842-804F-43BA274AE5FB}.Release|Any CPU.Build.0 = Release|Any CPU
		{8F771F20-E037-4439-8F17-8CDC032B84CB}.Debug|Any CPU.ActiveCfg = Debug|Any CPU
		{8F771F20-E037-4439-8F17-8CDC032B84CB}.Debug|Any CPU.Build.0 = Debug|Any CPU
		{8F771F20-E037-4439-8F17-8CDC032B84CB}.Release|Any CPU.ActiveCfg = Release|Any CPU
		{8F771F20-E037-4439-8F17-8CDC032B84CB}.Release|Any CPU.Build.0 = Release|Any CPU
		{D0D4C242-1971-4CEB-ACD1-D050A6C31ADA}.Debug|Any CPU.ActiveCfg = Debug|Any CPU
		{D0D4C242-1971-4CEB-ACD1-D050A6C31ADA}.Debug|Any CPU.Build.0 = Debug|Any CPU
		{D0D4C242-1971-4CEB-ACD1-D050A6C31ADA}.Release|Any CPU.ActiveCfg = Release|Any CPU
		{D0D4C242-1971-4CEB-ACD1-D050A6C31ADA}.Release|Any CPU.Build.0 = Release|Any CPU
		{E3D564D0-AD10-4046-961C-96FFA117CC13}.Debug|Any CPU.ActiveCfg = Debug|Any CPU
		{E3D564D0-AD10-4046-961C-96FFA117CC13}.Debug|Any CPU.Build.0 = Debug|Any CPU
		{E3D564D0-AD10-4046-961C-96FFA117CC13}.Release|Any CPU.ActiveCfg = Release|Any CPU
		{E3D564D0-AD10-4046-961C-96FFA117CC13}.Release|Any CPU.Build.0 = Release|Any CPU
	EndGlobalSection
	GlobalSection(SolutionProperties) = preSolution
		HideSolutionNode = FALSE
	EndGlobalSection
	GlobalSection(ExtensibilityGlobals) = postSolution
		SolutionGuid = {6A9281C9-B203-4803-83E5-57102D313296}
	EndGlobalSection
EndGlobal
